
Microsoft Visual Studio Solution File, Format Version 10.00
# Visual Studio 2008
Project("{8BC9CEB8-8B4A-11D0-8D11-00A0C91BC942}") = "变态青蛙跳", "变态青蛙跳\变态青蛙跳.vcproj", "{40848BA2-ED88-4654-A2C5-68FC1C27F34D}"
EndProject
Global
	GlobalSection(SolutionConfigurationPlatforms) = preSolution
		Debug|Win32 = Debug|Win32
		Release|Win32 = Release|Win32
	EndGlobalSection
	GlobalSection(ProjectConfigurationPlatforms) = postSolution
		{40848BA2-ED88-4654-A2C5-68FC1C27F34D}.Debug|Win32.ActiveCfg = Debug|Win32
		{40848BA2-ED88-4654-A2C5-68FC1C27F34D}.Debug|Win32.Build.0 = Debug|Win32
		{40848BA2-ED88-4654-A2C5-68FC1C27F34D}.Release|Win32.ActiveCfg = Release|Win32
		{40848BA2-ED88-4654-A2C5-68FC1C27F34D}.Release|Win32.Build.0 = Release|Win32
	EndGlobalSection
	GlobalSection(SolutionProperties) = preSolution
		HideSolutionNode = FALSE
	EndGlobalSection
EndGlobal
