
Microsoft Visual Studio Solution File, Format Version 10.00
# Visual Studio 2008
Project("{8BC9CEB8-8B4A-11D0-8D11-00A0C91BC942}") = "估计两个随机数互素的概率", "估计两个随机数互素的概率\估计两个随机数互素的概率.vcproj", "{D83C66CE-D5AA-4DBA-A30D-702C6AE6DF30}"
EndProject
Global
	GlobalSection(SolutionConfigurationPlatforms) = preSolution
		Debug|Win32 = Debug|Win32
		Release|Win32 = Release|Win32
	EndGlobalSection
	GlobalSection(ProjectConfigurationPlatforms) = postSolution
		{D83C66CE-D5AA-4DBA-A30D-702C6AE6DF30}.Debug|Win32.ActiveCfg = Debug|Win32
		{D83C66CE-D5AA-4DBA-A30D-702C6AE6DF30}.Debug|Win32.Build.0 = Debug|Win32
		{D83C66CE-D5AA-4DBA-A30D-702C6AE6DF30}.Release|Win32.ActiveCfg = Release|Win32
		{D83C66CE-D5AA-4DBA-A30D-702C6AE6DF30}.Release|Win32.Build.0 = Release|Win32
	EndGlobalSection
	GlobalSection(SolutionProperties) = preSolution
		HideSolutionNode = FALSE
	EndGlobalSection
EndGlobal
