
Microsoft Visual Studio Solution File, Format Version 10.00
# Visual Studio 2008
Project("{8BC9CEB8-8B4A-11D0-8D11-00A0C91BC942}") = "矩形覆盖", "矩形覆盖\矩形覆盖.vcproj", "{220A5616-AAF8-4B30-85DF-C38983EB155B}"
EndProject
Global
	GlobalSection(SolutionConfigurationPlatforms) = preSolution
		Debug|Win32 = Debug|Win32
		Release|Win32 = Release|Win32
	EndGlobalSection
	GlobalSection(ProjectConfigurationPlatforms) = postSolution
		{220A5616-AAF8-4B30-85DF-C38983EB155B}.Debug|Win32.ActiveCfg = Debug|Win32
		{220A5616-AAF8-4B30-85DF-C38983EB155B}.Debug|Win32.Build.0 = Debug|Win32
		{220A5616-AAF8-4B30-85DF-C38983EB155B}.Release|Win32.ActiveCfg = Release|Win32
		{220A5616-AAF8-4B30-85DF-C38983EB155B}.Release|Win32.Build.0 = Release|Win32
	EndGlobalSection
	GlobalSection(SolutionProperties) = preSolution
		HideSolutionNode = FALSE
	EndGlobalSection
EndGlobal
