
Microsoft Visual Studio Solution File, Format Version 10.00
# Visual Studio 2008
Project("{8BC9CEB8-8B4A-11D0-8D11-00A0C91BC942}") = "03_从头到尾打印链表", "03_从头到尾打印链表\03_从头到尾打印链表.vcproj", "{6AA69E8C-1A91-49C4-B55C-C1C3567D607E}"
EndProject
Global
	GlobalSection(SolutionConfigurationPlatforms) = preSolution
		Debug|Win32 = Debug|Win32
		Release|Win32 = Release|Win32
	EndGlobalSection
	GlobalSection(ProjectConfigurationPlatforms) = postSolution
		{6AA69E8C-1A91-49C4-B55C-C1C3567D607E}.Debug|Win32.ActiveCfg = Debug|Win32
		{6AA69E8C-1A91-49C4-B55C-C1C3567D607E}.Debug|Win32.Build.0 = Debug|Win32
		{6AA69E8C-1A91-49C4-B55C-C1C3567D607E}.Release|Win32.ActiveCfg = Release|Win32
		{6AA69E8C-1A91-49C4-B55C-C1C3567D607E}.Release|Win32.Build.0 = Release|Win32
	EndGlobalSection
	GlobalSection(SolutionProperties) = preSolution
		HideSolutionNode = FALSE
	EndGlobalSection
EndGlobal
